// !$*UTF8*$!
{
	archiveVersion = 1;
	classes = {
	};
	objectVersion = 50;
	objects = {

/* Begin PBXBuildFile section */
		14AD36D6255D588A005B1EE3 /* AppDelegate.swift in Sources */ = {isa = PBXBuildFile; fileRef = 14AD36D5255D588A005B1EE3 /* AppDelegate.swift */; };
		14AD36D8255D588A005B1EE3 /* SceneDelegate.swift in Sources */ = {isa = PBXBuildFile; fileRef = 14AD36D7255D588A005B1EE3 /* SceneDelegate.swift */; };
		14AD36DA255D588A005B1EE3 /* ContentView.swift in Sources */ = {isa = PBXBuildFile; fileRef = 14AD36D9255D588A005B1EE3 /* ContentView.swift */; };
		14AD36DC255D588E005B1EE3 /* Assets.xcassets in Resources */ = {isa = PBXBuildFile; fileRef = 14AD36DB255D588E005B1EE3 /* Assets.xcassets */; };
		14AD36DF255D588E005B1EE3 /* Preview Assets.xcassets in Resources */ = {isa = PBXBuildFile; fileRef = 14AD36DE255D588E005B1EE3 /* Preview Assets.xcassets */; };
		14AD36E2255D588E005B1EE3 /* LaunchScreen.storyboard in Resources */ = {isa = PBXBuildFile; fileRef = 14AD36E0255D588E005B1EE3 /* LaunchScreen.storyboard */; };
		14AD36EE255D6193005B1EE3 /* diamdiam.m4a in Resources */ = {isa = PBXBuildFile; fileRef = 14AD36ED255D6193005B1EE3 /* diamdiam.m4a */; };
/* End PBXBuildFile section */

/* Begin PBXFileReference section */
		14AD36D2255D588A005B1EE3 /* XiaoAnNiu.app */ = {isa = PBXFileReference; explicitFileType = wrapper.application; includeInIndex = 0; path = XiaoAnNiu.app; sourceTree = BUILT_PRODUCTS_DIR; };
		14AD36D5255D588A005B1EE3 /* AppDelegate.swift */ = {isa = PBXFileReference; lastKnownFileType = sourcecode.swift; path = AppDelegate.swift; sourceTree = "<group>"; };
		14AD36D7255D588A005B1EE3 /* SceneDelegate.swift */ = {isa = PBXFileReference; lastKnownFileType = sourcecode.swift; path = SceneDelegate.swift; sourceTree = "<group>"; };
		14AD36D9255D588A005B1EE3 /* ContentView.swift */ = {isa = PBXFileReference; lastKnownFileType = sourcecode.swift; path = ContentView.swift; sourceTree = "<group>"; };
		14AD36DB255D588E005B1EE3 /* Assets.xcassets */ = {isa = PBXFileReference; lastKnownFileType = folder.assetcatalog; path = Assets.xcassets; sourceTree = "<group>"; };
		14AD36DE255D588E005B1EE3 /* Preview Assets.xcassets */ = {isa = PBXFileReference; lastKnownFileType = folder.assetcatalog; path = "Preview Assets.xcassets"; sourceTree = "<group>"; };
		14AD36E1255D588E005B1EE3 /* Base */ = {isa = PBXFileReference; lastKnownFileType = file.storyboard; name = Base; path = Base.lproj/LaunchScreen.storyboard; sourceTree = "<group>"; };
		14AD36E3255D588E005B1EE3 /* Info.plist */ = {isa = PBXFileReference; lastKnownFileType = text.plist.xml; path = Info.plist; sourceTree = "<group>"; };
		14AD36ED255D6193005B1EE3 /* diamdiam.m4a */ = {isa = PBXFileReference; lastKnownFileType = file; path = diamdiam.m4a; sourceTree = "<group>"; };
/* End PBXFileReference section */

/* Begin PBXFrameworksBuildPhase section */
		14AD36CF255D5889005B1EE3 /* Frameworks */ = {
			isa = PBXFrameworksBuildPhase;
			buildActionMask = 2147483647;
			files = (
			);
			runOnlyForDeploymentPostprocessing = 0;
		};
/* End PBXFrameworksBuildPhase section */

/* Begin PBXGroup section */
		14AD36C9255D5889005B1EE3 = {
			isa = PBXGroup;
			children = (
				14AD36D4255D588A005B1EE3 /* XiaoAnNiu */,
				14AD36D3255D588A005B1EE3 /* Products */,
				14AD36EA255D60CA005B1EE3 /* Frameworks */,
			);
			sourceTree = "<group>";
		};
		14AD36D3255D588A005B1EE3 /* Products */ = {
			isa = PBXGroup;
			children = (
				14AD36D2255D588A005B1EE3 /* XiaoAnNiu.app */,
			);
			name = Products;
			sourceTree = "<group>";
		};
		14AD36D4255D588A005B1EE3 /* XiaoAnNiu */ = {
			isa = PBXGroup;
			children = (
				14AD36E9255D5CAE005B1EE3 /* Resources */,
				14AD36D5255D588A005B1EE3 /* AppDelegate.swift */,
				14AD36D7255D588A005B1EE3 /* SceneDelegate.swift */,
				14AD36D9255D588A005B1EE3 /* ContentView.swift */,
				14AD36DB255D588E005B1EE3 /* Assets.xcassets */,
				14AD36E0255D588E005B1EE3 /* LaunchScreen.storyboard */,
				14AD36E3255D588E005B1EE3 /* Info.plist */,
				14AD36DD255D588E005B1EE3 /* Preview Content */,
			);
			path = XiaoAnNiu;
			sourceTree = "<group>";
		};
		14AD36DD255D588E005B1EE3 /* Preview Content */ = {
			isa = PBXGroup;
			children = (
				14AD36DE255D588E005B1EE3 /* Preview Assets.xcassets */,
			);
			path = "Preview Content";
			sourceTree = "<group>";
		};
		14AD36E9255D5CAE005B1EE3 /* Resources */ = {
			isa = PBXGroup;
			children = (
				14AD36ED255D6193005B1EE3 /* diamdiam.m4a */,
			);
			path = Resources;
			sourceTree = "<group>";
		};
		14AD36EA255D60CA005B1EE3 /* Frameworks */ = {
			isa = PBXGroup;
			children = (
			);
			name = Frameworks;
			sourceTree = "<group>";
		};
/* End PBXGroup section */

/* Begin PBXNativeTarget section */
		14AD36D1255D5889005B1EE3 /* XiaoAnNiu */ = {
			isa = PBXNativeTarget;
			buildConfigurationList = 14AD36E6255D588E005B1EE3 /* Build configuration list for PBXNativeTarget "XiaoAnNiu" */;
			buildPhases = (
				14AD36CE255D5889005B1EE3 /* Sources */,
				14AD36CF255D5889005B1EE3 /* Frameworks */,
				14AD36D0255D5889005B1EE3 /* Resources */,
			);
			buildRules = (
			);
			dependencies = (
			);
			name = XiaoAnNiu;
			productName = XiaoAnNiu;
			productReference = 14AD36D2255D588A005B1EE3 /* XiaoAnNiu.app */;
			productType = "com.apple.product-type.application";
		};
/* End PBXNativeTarget section */

/* Begin PBXProject section */
		14AD36CA255D5889005B1EE3 /* Project object */ = {
			isa = PBXProject;
			attributes = {
				LastSwiftUpdateCheck = 1150;
				LastUpgradeCheck = 1150;
				ORGANIZATIONNAME = "Tianyang Wang";
				TargetAttributes = {
					14AD36D1255D5889005B1EE3 = {
						CreatedOnToolsVersion = 11.5;
					};
				};
			};
			buildConfigurationList = 14AD36CD255D5889005B1EE3 /* Build configuration list for PBXProject "XiaoAnNiu" */;
			compatibilityVersion = "Xcode 9.3";
			developmentRegion = en;
			hasScannedForEncodings = 0;
			knownRegions = (
				en,
				Base,
			);
			mainGroup = 14AD36C9255D5889005B1EE3;
			productRefGroup = 14AD36D3255D588A005B1EE3 /* Products */;
			projectDirPath = "";
			projectRoot = "";
			targets = (
				14AD36D1255D5889005B1EE3 /* XiaoAnNiu */,
			);
		};
/* End PBXProject section */

/* Begin PBXResourcesBuildPhase section */
		14AD36D0255D5889005B1EE3 /* Resources */ = {
			isa = PBXResourcesBuildPhase;
			buildActionMask = 2147483647;
			files = (
				14AD36E2255D588E005B1EE3 /* LaunchScreen.storyboard in Resources */,
				14AD36DF255D588E005B1EE3 /* Preview Assets.xcassets in Resources */,
				14AD36DC255D588E005B1EE3 /* Assets.xcassets in Resources */,
				14AD36EE255D6193005B1EE3 /* diamdiam.m4a in Resources */,
			);
			runOnlyForDeploymentPostprocessing = 0;
		};
/* End PBXResourcesBuildPhase section */

/* Begin PBXSourcesBuildPhase section */
		14AD36CE255D5889005B1EE3 /* Sources */ = {
			isa = PBXSourcesBuildPhase;
			buildActionMask = 2147483647;
			files = (
				14AD36D6255D588A005B1EE3 /* AppDelegate.swift in Sources */,
				14AD36D8255D588A005B1EE3 /* SceneDelegate.swift in Sources */,
				14AD36DA255D588A005B1EE3 /* ContentView.swift in Sources */,
			);
			runOnlyForDeploymentPostprocessing = 0;
		};
/* End PBXSourcesBuildPhase section */

/* Begin PBXVariantGroup section */
		14AD36E0255D588E005B1EE3 /* LaunchScreen.storyboard */ = {
			isa = PBXVariantGroup;
			children = (
				14AD36E1255D588E005B1EE3 /* Base */,
			);
			name = LaunchScreen.storyboard;
			sourceTree = "<group>";
		};
/* End PBXVariantGroup section */

/* Begin XCBuildConfiguration section */
		14AD36E4255D588E005B1EE3 /* Debug */ = {
			isa = XCBuildConfiguration;
			buildSettings = {
				ALWAYS_SEARCH_USER_PATHS = NO;
				CLANG_ANALYZER_NONNULL = YES;
				CLANG_ANALYZER_NUMBER_OBJECT_CONVERSION = YES_AGGRESSIVE;
				CLANG_CXX_LANGUAGE_STANDARD = "gnu++14";
				CLANG_CXX_LIBRARY = "libc++";
				CLANG_ENABLE_MODULES = YES;
				CLANG_ENABLE_OBJC_ARC = YES;
				CLANG_ENABLE_OBJC_WEAK = YES;
				CLANG_WARN_BLOCK_CAPTURE_AUTORELEASING = YES;
				CLANG_WARN_BOOL_CONVERSION = YES;
				CLANG_WARN_COMMA = YES;
				CLANG_WARN_CONSTANT_CONVERSION = YES;
				CLANG_WARN_DEPRECATED_OBJC_IMPLEMENTATIONS = YES;
				CLANG_WARN_DIRECT_OBJC_ISA_USAGE = YES_ERROR;
				CLANG_WARN_DOCUMENTATION_COMMENTS = YES;
				CLANG_WARN_EMPTY_BODY = YES;
				CLANG_WARN_ENUM_CONVERSION = YES;
				CLANG_WARN_INFINITE_RECURSION = YES;
				CLANG_WARN_INT_CONVERSION = YES;
				CLANG_WARN_NON_LITERAL_NULL_CONVERSION = YES;
				CLANG_WARN_OBJC_IMPLICIT_RETAIN_SELF = YES;
				CLANG_WARN_OBJC_LITERAL_CONVERSION = YES;
				CLANG_WARN_OBJC_ROOT_CLASS = YES_ERROR;
				CLANG_WARN_RANGE_LOOP_ANALYSIS = YES;
				CLANG_WARN_STRICT_PROTOTYPES = YES;
				CLANG_WARN_SUSPICIOUS_MOVE = YES;
				CLANG_WARN_UNGUARDED_AVAILABILITY = YES_AGGRESSIVE;
				CLANG_WARN_UNREACHABLE_CODE = YES;
				CLANG_WARN__DUPLICATE_METHOD_MATCH = YES;
				COPY_PHASE_STRIP = NO;
				DEBUG_INFORMATION_FORMAT = dwarf;
				ENABLE_STRICT_OBJC_MSGSEND = YES;
				ENABLE_TESTABILITY = YES;
				GCC_C_LANGUAGE_STANDARD = gnu11;
				GCC_DYNAMIC_NO_PIC = NO;
				GCC_NO_COMMON_BLOCKS = YES;
				GCC_OPTIMIZATION_LEVEL = 0;
				GCC_PREPROCESSOR_DEFINITIONS = (
					"DEBUG=1",
					"$(inherited)",
				);
				GCC_WARN_64_TO_32_BIT_CONVERSION = YES;
				GCC_WARN_ABOUT_RETURN_TYPE = YES_ERROR;
				GCC_WARN_UNDECLARED_SELECTOR = YES;
				GCC_WARN_UNINITIALIZED_AUTOS = YES_AGGRESSIVE;
				GCC_WARN_UNUSED_FUNCTION = YES;
				GCC_WARN_UNUSED_VARIABLE = YES;
				IPHONEOS_DEPLOYMENT_TARGET = 13.5;
				MTL_ENABLE_DEBUG_INFO = INCLUDE_SOURCE;
				MTL_FAST_MATH = YES;
				ONLY_ACTIVE_ARCH = YES;
				SDKROOT = iphoneos;
				SWIFT_ACTIVE_COMPILATION_CONDITIONS = DEBUG;
				SWIFT_OPTIMIZATION_LEVEL = "-Onone";
			};
			name = Debug;
		};
		14AD36E5255D588E005B1EE3 /* Release */ = {
			isa = XCBuildConfiguration;
			buildSettings = {
				ALWAYS_SEARCH_USER_PATHS = NO;
				CLANG_ANALYZER_NONNULL = YES;
				CLANG_ANALYZER_NUMBER_OBJECT_CONVERSION = YES_AGGRESSIVE;
				CLANG_CXX_LANGUAGE_STANDARD = "gnu++14";
				CLANG_CXX_LIBRARY = "libc++";
				CLANG_ENABLE_MODULES = YES;
				CLANG_ENABLE_OBJC_ARC = YES;
				CLANG_ENABLE_OBJC_WEAK = YES;
				CLANG_WARN_BLOCK_CAPTURE_AUTORELEASING = YES;
				CLANG_WARN_BOOL_CONVERSION = YES;
				CLANG_WARN_COMMA = YES;
				CLANG_WARN_CONSTANT_CONVERSION = YES;
				CLANG_WARN_DEPRECATED_OBJC_IMPLEMENTATIONS = YES;
				CLANG_WARN_DIRECT_OBJC_ISA_USAGE = YES_ERROR;
				CLANG_WARN_DOCUMENTATION_COMMENTS = YES;
				CLANG_WARN_EMPTY_BODY = YES;
				CLANG_WARN_ENUM_CONVERSION = YES;
				CLANG_WARN_INFINITE_RECURSION = YES;
				CLANG_WARN_INT_CONVERSION = YES;
				CLANG_WARN_NON_LITERAL_NULL_CONVERSION = YES;
				CLANG_WARN_OBJC_IMPLICIT_RETAIN_SELF = YES;
				CLANG_WARN_OBJC_LITERAL_CONVERSION = YES;
				CLANG_WARN_OBJC_ROOT_CLASS = YES_ERROR;
				CLANG_WARN_RANGE_LOOP_ANALYSIS = YES;
				CLANG_WARN_STRICT_PROTOTYPES = YES;
				CLANG_WARN_SUSPICIOUS_MOVE = YES;
				CLANG_WARN_UNGUARDED_AVAILABILITY = YES_AGGRESSIVE;
				CLANG_WARN_UNREACHABLE_CODE = YES;
				CLANG_WARN__DUPLICATE_METHOD_MATCH = YES;
				COPY_PHASE_STRIP = NO;
				DEBUG_INFORMATION_FORMAT = "dwarf-with-dsym";
				ENABLE_NS_ASSERTIONS = NO;
				ENABLE_STRICT_OBJC_MSGSEND = YES;
				GCC_C_LANGUAGE_STANDARD = gnu11;
				GCC_NO_COMMON_BLOCKS = YES;
				GCC_WARN_64_TO_32_BIT_CONVERSION = YES;
				GCC_WARN_ABOUT_RETURN_TYPE = YES_ERROR;
				GCC_WARN_UNDECLARED_SELECTOR = YES;
				GCC_WARN_UNINITIALIZED_AUTOS = YES_AGGRESSIVE;
				GCC_WARN_UNUSED_FUNCTION = YES;
				GCC_WARN_UNUSED_VARIABLE = YES;
				IPHONEOS_DEPLOYMENT_TARGET = 13.5;
				MTL_ENABLE_DEBUG_INFO = NO;
				MTL_FAST_MATH = YES;
				SDKROOT = iphoneos;
				SWIFT_COMPILATION_MODE = wholemodule;
				SWIFT_OPTIMIZATION_LEVEL = "-O";
				VALIDATE_PRODUCT = YES;
			};
			name = Release;
		};
		14AD36E7255D588E005B1EE3 /* Debug */ = {
			isa = XCBuildConfiguration;
			buildSettings = {
				ASSETCATALOG_COMPILER_APPICON_NAME = AppIcon;
				CODE_SIGN_STYLE = Automatic;
				DEVELOPMENT_ASSET_PATHS = "\"XiaoAnNiu/Preview Content\"";
				DEVELOPMENT_TEAM = 6C696572K6;
				ENABLE_PREVIEWS = YES;
				INFOPLIST_FILE = XiaoAnNiu/Info.plist;
				LD_RUNPATH_SEARCH_PATHS = (
					"$(inherited)",
					"@executable_path/Frameworks",
				);
				PRODUCT_BUNDLE_IDENTIFIER = com.kss.XiaoAnNiu;
				PRODUCT_NAME = "$(TARGET_NAME)";
				SWIFT_VERSION = 5.0;
				TARGETED_DEVICE_FAMILY = "1,2";
			};
			name = Debug;
		};
		14AD36E8255D588E005B1EE3 /* Release */ = {
			isa = XCBuildConfiguration;
			buildSettings = {
				ASSETCATALOG_COMPILER_APPICON_NAME = AppIcon;
				CODE_SIGN_STYLE = Automatic;
				DEVELOPMENT_ASSET_PATHS = "\"XiaoAnNiu/Preview Content\"";
				DEVELOPMENT_TEAM = 6C696572K6;
				ENABLE_PREVIEWS = YES;
				INFOPLIST_FILE = XiaoAnNiu/Info.plist;
				LD_RUNPATH_SEARCH_PATHS = (
					"$(inherited)",
					"@executable_path/Frameworks",
				);
				PRODUCT_BUNDLE_IDENTIFIER = com.kss.XiaoAnNiu;
				PRODUCT_NAME = "$(TARGET_NAME)";
				SWIFT_VERSION = 5.0;
				TARGETED_DEVICE_FAMILY = "1,2";
			};
			name = Release;
		};
/* End XCBuildConfiguration section */

/* Begin XCConfigurationList section */
		14AD36CD255D5889005B1EE3 /* Build configuration list for PBXProject "XiaoAnNiu" */ = {
			isa = XCConfigurationList;
			buildConfigurations = (
				14AD36E4255D588E005B1EE3 /* Debug */,
				14AD36E5255D588E005B1EE3 /* Release */,
			);
			defaultConfigurationIsVisible = 0;
			defaultConfigurationName = Release;
		};
		14AD36E6255D588E005B1EE3 /* Build configuration list for PBXNativeTarget "XiaoAnNiu" */ = {
			isa = XCConfigurationList;
			buildConfigurations = (
				14AD36E7255D588E005B1EE3 /* Debug */,
				14AD36E8255D588E005B1EE3 /* Release */,
			);
			defaultConfigurationIsVisible = 0;
			defaultConfigurationName = Release;
		};
/* End XCConfigurationList section */
	};
	rootObject = 14AD36CA255D5889005B1EE3 /* Project object */;
}
